// !$*UTF8*$!
{
	archiveVersion = 1;
	classes = {
	};
	objectVersion = 46;
	objects = {

/* Begin PBXBuildFile section */
		07115F0A180959470044735C /* Animator.m in Sources */ = {isa = PBXBuildFile; fileRef = 07115F09180959470044735C /* Animator.m */; };
		07115F0E180959FF0044735C /* BaseAnimation.m in Sources */ = {isa = PBXBuildFile; fileRef = 07115F0D180959FF0044735C /* BaseAnimation.m */; };
		07115F1418095A6F0044735C /* TranslateAnimation.m in Sources */ = {isa = PBXBuildFile; fileRef = 07115F1318095A6F0044735C /* TranslateAnimation.m */; };
		07115F171809661E0044735C /* RotationAnimation.m in Sources */ = {isa = PBXBuildFile; fileRef = 07115F161809661E0044735C /* RotationAnimation.m */; };
		0714657C193F1CEE006E537B /* MoliculaNavigationBar.m in Sources */ = {isa = PBXBuildFile; fileRef = 0714657B193F1CEE006E537B /* MoliculaNavigationBar.m */; };
		07146583193F317F006E537B /* MoliculaNavigationController.m in Sources */ = {isa = PBXBuildFile; fileRef = 07146582193F317F006E537B /* MoliculaNavigationController.m */; };
		072407AC1944C1FC00A07838 /* TutorialBase.m in Sources */ = {isa = PBXBuildFile; fileRef = 072407AB1944C1FC00A07838 /* TutorialBase.m */; };
		072407AF1944C5B600A07838 /* MoveTutorial.m in Sources */ = {isa = PBXBuildFile; fileRef = 072407AE1944C5B600A07838 /* MoveTutorial.m */; };
		0726445119235F5D00A0E6FE /* SolutionLibrary.m in Sources */ = {isa = PBXBuildFile; fileRef = 0726445019235F5D00A0E6FE /* SolutionLibrary.m */; };
		0734866C1945D8D800E23EA2 /* RotateTutorial.m in Sources */ = {isa = PBXBuildFile; fileRef = 0734866B1945D8D800E23EA2 /* RotateTutorial.m */; };
		0734866F1945DF0700E23EA2 /* MirrorTutorial.m in Sources */ = {isa = PBXBuildFile; fileRef = 0734866E1945DF0700E23EA2 /* MirrorTutorial.m */; };
		0742EEAB1FFF99CE001AF47C /* SnapshotHelper.swift in Sources */ = {isa = PBXBuildFile; fileRef = 0742EEAA1FFF99CE001AF47C /* SnapshotHelper.swift */; };
		0745354C1FE9A02E00B17334 /* moliculaUITests.swift in Sources */ = {isa = PBXBuildFile; fileRef = 0745354B1FE9A02E00B17334 /* moliculaUITests.swift */; };
		0768184819DAB9A000816169 /* LaunchScreen.xib in Resources */ = {isa = PBXBuildFile; fileRef = 0768184719DAB9A000816169 /* LaunchScreen.xib */; };
		0769830E192CC32900926DD1 /* blue1.txt in CopyFiles */ = {isa = PBXBuildFile; fileRef = 076982B2192CC2F800926DD1 /* blue1.txt */; };
		0769830F192CC32900926DD1 /* blue2.txt in CopyFiles */ = {isa = PBXBuildFile; fileRef = 076982B3192CC2F800926DD1 /* blue2.txt */; };
		07698310192CC32900926DD1 /* blue3.txt in CopyFiles */ = {isa = PBXBuildFile; fileRef = 076982B4192CC2F800926DD1 /* blue3.txt */; };
		07698311192CC32900926DD1 /* blue4.txt in CopyFiles */ = {isa = PBXBuildFile; fileRef = 076982B5192CC2F800926DD1 /* blue4.txt */; };
		07698312192CC32900926DD1 /* blue5.txt in CopyFiles */ = {isa = PBXBuildFile; fileRef = 076982B6192CC2F800926DD1 /* blue5.txt */; };
		07698313192CC32900926DD1 /* blue6.txt in CopyFiles */ = {isa = PBXBuildFile; fileRef = 076982B7192CC2F800926DD1 /* blue6.txt */; };
		07698314192CC32900926DD1 /* blue7.txt in CopyFiles */ = {isa = PBXBuildFile; fileRef = 076982B8192CC2F800926DD1 /* blue7.txt */; };
		07698315192CC32900926DD1 /* green1.txt in CopyFiles */ = {isa = PBXBuildFile; fileRef = 076982B9192CC2F800926DD1 /* green1.txt */; };
		07698316192CC32900926DD1 /* green2.txt in CopyFiles */ = {isa = PBXBuildFile; fileRef = 076982BA192CC2F800926DD1 /* green2.txt */; };
		07698317192CC32900926DD1 /* green3.txt in CopyFiles */ = {isa = PBXBuildFile; fileRef = 076982BB192CC2F800926DD1 /* green3.txt */; };
		07698318192CC32900926DD1 /* green4.txt in CopyFiles */ = {isa = PBXBuildFile; fileRef = 076982BC192CC2F800926DD1 /* green4.txt */; };
		07698319192CC32900926DD1 /* red1.txt in CopyFiles */ = {isa = PBXBuildFile; fileRef = 076982BD192CC2F800926DD1 /* red1.txt */; };
		0769831A192CC32900926DD1 /* red2.txt in CopyFiles */ = {isa = PBXBuildFile; fileRef = 076982BE192CC2F800926DD1 /* red2.txt */; };
		0769831B192CC32900926DD1 /* white1.txt in CopyFiles */ = {isa = PBXBuildFile; fileRef = 076982BF192CC2F800926DD1 /* white1.txt */; };
		0769831C192CC32900926DD1 /* white2.txt in CopyFiles */ = {isa = PBXBuildFile; fileRef = 076982C0192CC2F800926DD1 /* white2.txt */; };
		0769831D192CC32900926DD1 /* white3.txt in CopyFiles */ = {isa = PBXBuildFile; fileRef = 076982C1192CC2F800926DD1 /* white3.txt */; };
		0769831E192CC32900926DD1 /* white4.txt in CopyFiles */ = {isa = PBXBuildFile; fileRef = 076982C2192CC2F800926DD1 /* white4.txt */; };
		0769831F192CC32900926DD1 /* white5.txt in CopyFiles */ = {isa = PBXBuildFile; fileRef = 076982C3192CC2F800926DD1 /* white5.txt */; };
		07698320192CC32900926DD1 /* yellow1.txt in CopyFiles */ = {isa = PBXBuildFile; fileRef = 076982C4192CC2F800926DD1 /* yellow1.txt */; };
		07698321192CC32900926DD1 /* yellow2.txt in CopyFiles */ = {isa = PBXBuildFile; fileRef = 076982C5192CC2F800926DD1 /* yellow2.txt */; };
		07698322192CC32900926DD1 /* yellow3.txt in CopyFiles */ = {isa = PBXBuildFile; fileRef = 076982C6192CC2F800926DD1 /* yellow3.txt */; };
		07698323192CC32900926DD1 /* yellow4.txt in CopyFiles */ = {isa = PBXBuildFile; fileRef = 076982C7192CC2F800926DD1 /* yellow4.txt */; };
		07698324192CC32900926DD1 /* yellow5.txt in CopyFiles */ = {isa = PBXBuildFile; fileRef = 076982C8192CC2F800926DD1 /* yellow5.txt */; };
		07698325192CC32900926DD1 /* yellow6.txt in CopyFiles */ = {isa = PBXBuildFile; fileRef = 076982C9192CC2F800926DD1 /* yellow6.txt */; };
		07698326192CC32900926DD1 /* yellow7.txt in CopyFiles */ = {isa = PBXBuildFile; fileRef = 076982CA192CC2F800926DD1 /* yellow7.txt */; };
		07698327192CC32900926DD1 /* yellow8.txt in CopyFiles */ = {isa = PBXBuildFile; fileRef = 076982CB192CC2F800926DD1 /* yellow8.txt */; };
		07698328192CC32900926DD1 /* yellow9.txt in CopyFiles */ = {isa = PBXBuildFile; fileRef = 076982CC192CC2F800926DD1 /* yellow9.txt */; };
		07698329192CC32900926DD1 /* yellow10.txt in CopyFiles */ = {isa = PBXBuildFile; fileRef = 076982CD192CC2F800926DD1 /* yellow10.txt */; };
		0769832A192CC32900926DD1 /* yellow11.txt in CopyFiles */ = {isa = PBXBuildFile; fileRef = 076982CE192CC2F800926DD1 /* yellow11.txt */; };
		0769832B192CC32900926DD1 /* yellow12.txt in CopyFiles */ = {isa = PBXBuildFile; fileRef = 076982CF192CC2F800926DD1 /* yellow12.txt */; };
		0769832C192CC32900926DD1 /* yellow13.txt in CopyFiles */ = {isa = PBXBuildFile; fileRef = 076982D0192CC2F800926DD1 /* yellow13.txt */; };
		0769832D192CC32900926DD1 /* yellow14.txt in CopyFiles */ = {isa = PBXBuildFile; fileRef = 076982D1192CC2F800926DD1 /* yellow14.txt */; };
		0769832E192CC32900926DD1 /* yellow15.txt in CopyFiles */ = {isa = PBXBuildFile; fileRef = 076982D2192CC2F800926DD1 /* yellow15.txt */; };
		0769832F192CC32900926DD1 /* yellow16.txt in CopyFiles */ = {isa = PBXBuildFile; fileRef = 076982D3192CC2F800926DD1 /* yellow16.txt */; };
		07698330192CC32900926DD1 /* yellow17.txt in CopyFiles */ = {isa = PBXBuildFile; fileRef = 076982D4192CC2F800926DD1 /* yellow17.txt */; };
		07698331192CC32900926DD1 /* yellow18.txt in CopyFiles */ = {isa = PBXBuildFile; fileRef = 076982D5192CC2F800926DD1 /* yellow18.txt */; };
		07698332192CC32900926DD1 /* yellow19.txt in CopyFiles */ = {isa = PBXBuildFile; fileRef = 076982D6192CC2F800926DD1 /* yellow19.txt */; };
		07698333192CC32900926DD1 /* yellow20.txt in CopyFiles */ = {isa = PBXBuildFile; fileRef = 076982D7192CC2F800926DD1 /* yellow20.txt */; };
		07698334192CC32900926DD1 /* yellow21.txt in CopyFiles */ = {isa = PBXBuildFile; fileRef = 076982D8192CC2F800926DD1 /* yellow21.txt */; };
		07698335192CC32900926DD1 /* yellow22.txt in CopyFiles */ = {isa = PBXBuildFile; fileRef = 076982D9192CC2F800926DD1 /* yellow22.txt */; };
		07698336192CC32900926DD1 /* yellow23.txt in CopyFiles */ = {isa = PBXBuildFile; fileRef = 076982DA192CC2F800926DD1 /* yellow23.txt */; };
		07698337192CC32900926DD1 /* yellow24.txt in CopyFiles */ = {isa = PBXBuildFile; fileRef = 076982DB192CC2F800926DD1 /* yellow24.txt */; };
		07698338192CC32900926DD1 /* yellow25.txt in CopyFiles */ = {isa = PBXBuildFile; fileRef = 076982DC192CC2F800926DD1 /* yellow25.txt */; };
		07698339192CC32900926DD1 /* yellow26.txt in CopyFiles */ = {isa = PBXBuildFile; fileRef = 076982DD192CC2F800926DD1 /* yellow26.txt */; };
		0769833A192CC32900926DD1 /* yellow27.txt in CopyFiles */ = {isa = PBXBuildFile; fileRef = 076982DE192CC2F800926DD1 /* yellow27.txt */; };
		0769833B192CC32900926DD1 /* yellow28.txt in CopyFiles */ = {isa = PBXBuildFile; fileRef = 076982DF192CC2F800926DD1 /* yellow28.txt */; };
		076BC06819190AA200EE1AD7 /* SolutionCollectionHeaderView.m in Sources */ = {isa = PBXBuildFile; fileRef = 076BC06719190AA200EE1AD7 /* SolutionCollectionHeaderView.m */; };
		076C702A19096F2500F0084D /* GameView.m in Sources */ = {isa = PBXBuildFile; fileRef = 076C702919096F2500F0084D /* GameView.m */; };
		076F2E1319D963090067E94C /* LaunchGridView.m in Sources */ = {isa = PBXBuildFile; fileRef = 076F2E1219D963090067E94C /* LaunchGridView.m */; };
		0774AD7B17FB2A70008D8B2E /* Images.xcassets in Resources */ = {isa = PBXBuildFile; fileRef = 0774AD7A17FB2A70008D8B2E /* Images.xcassets */; };
		077F9A8617D7CBB0004F1960 /* main.m in Sources */ = {isa = PBXBuildFile; fileRef = 077F9A8517D7CBB0004F1960 /* main.m */; };
		077F9A8A17D7CBB0004F1960 /* AppDelegate.m in Sources */ = {isa = PBXBuildFile; fileRef = 077F9A8917D7CBB0004F1960 /* AppDelegate.m */; };
		077F9A9A17D7CBB0004F1960 /* GameViewController.m in Sources */ = {isa = PBXBuildFile; fileRef = 077F9A9917D7CBB0004F1960 /* GameViewController.m */; };
		077F9ABA17D7CC44004F1960 /* Grid.m in Sources */ = {isa = PBXBuildFile; fileRef = 077F9AB917D7CC44004F1960 /* Grid.m */; };
		077F9AC017D7CCB8004F1960 /* Molecule.m in Sources */ = {isa = PBXBuildFile; fileRef = 077F9ABF17D7CCB8004F1960 /* Molecule.m */; };
		077F9AC317D7CCE7004F1960 /* Hole.m in Sources */ = {isa = PBXBuildFile; fileRef = 077F9AC217D7CCE7004F1960 /* Hole.m */; };
		077F9AC617D7CCF6004F1960 /* Atom.m in Sources */ = {isa = PBXBuildFile; fileRef = 077F9AC517D7CCF6004F1960 /* Atom.m */; };
		077F9AC917D7CD02004F1960 /* Helper.m in Sources */ = {isa = PBXBuildFile; fileRef = 077F9AC817D7CD02004F1960 /* Helper.m */; };
		077F9ACC17D7CD35004F1960 /* Hexagon.m in Sources */ = {isa = PBXBuildFile; fileRef = 077F9ACB17D7CD35004F1960 /* Hexagon.m */; };
		077F9ACF17D7CD41004F1960 /* ColorTheme.m in Sources */ = {isa = PBXBuildFile; fileRef = 077F9ACE17D7CD41004F1960 /* ColorTheme.m */; };
		077F9AD217D7CD4D004F1960 /* MoleculeFactory.m in Sources */ = {isa = PBXBuildFile; fileRef = 077F9AD117D7CD4D004F1960 /* MoleculeFactory.m */; };
		0783A0EE1C14643A00ACDC47 /* Main.storyboard in Resources */ = {isa = PBXBuildFile; fileRef = 0783A0F01C14643A00ACDC47 /* Main.storyboard */; };
		07A5C8361917CB56001E5801 /* LibraryViewController.m in Sources */ = {isa = PBXBuildFile; fileRef = 07A5C8351917CB56001E5801 /* LibraryViewController.m */; };
		07C1FC971FEA8C7F007AA98E /* GLObject.m in Sources */ = {isa = PBXBuildFile; fileRef = 07C1FC961FEA8C7F007AA98E /* GLObject.m */; };
		07E1073920037CA3008332AC /* GlobalSettings.m in Sources */ = {isa = PBXBuildFile; fileRef = 07E1073820037CA3008332AC /* GlobalSettings.m */; };
		07E1B58218071B9F002D79A1 /* DropResult.m in Sources */ = {isa = PBXBuildFile; fileRef = 07E1B58118071B9F002D79A1 /* DropResult.m */; };
		07E8B78E181FC28100804CC1 /* Default-568h@2x.png in Resources */ = {isa = PBXBuildFile; fileRef = 07E8B78D181FC28100804CC1 /* Default-568h@2x.png */; };
		07EE62651940BF2300739544 /* Metrics.m in Sources */ = {isa = PBXBuildFile; fileRef = 07EE62641940BF2300739544 /* Metrics.m */; };
		07EE626C1940C3AB00739544 /* TutorialController.m in Sources */ = {isa = PBXBuildFile; fileRef = 07EE626B1940C3AB00739544 /* TutorialController.m */; };
		07EE626F1940FC8E00739544 /* DDiCloudSync.m in Sources */ = {isa = PBXBuildFile; fileRef = 07EE626E1940FC8E00739544 /* DDiCloudSync.m */; };
		07F16FD317E0F79300D15F36 /* Controls.m in Sources */ = {isa = PBXBuildFile; fileRef = 07F16FD217E0F79300D15F36 /* Controls.m */; };
/* End PBXBuildFile section */

/* Begin PBXContainerItemProxy section */
		0745354E1FE9A02E00B17334 /* PBXContainerItemProxy */ = {
			isa = PBXContainerItemProxy;
			containerPortal = 077F9A6A17D7CBB0004F1960 /* Project object */;
			proxyType = 1;
			remoteGlobalIDString = 077F9A7117D7CBB0004F1960;
			remoteInfo = molicula;
		};
/* End PBXContainerItemProxy section */

/* Begin PBXCopyFilesBuildPhase section */
		0726441D19235CD400A0E6FE /* CopyFiles */ = {
			isa = PBXCopyFilesBuildPhase;
			buildActionMask = 12;
			dstPath = solutions;
			dstSubfolderSpec = 7;
			files = (
				0769830E192CC32900926DD1 /* blue1.txt in CopyFiles */,
				0769830F192CC32900926DD1 /* blue2.txt in CopyFiles */,
				07698310192CC32900926DD1 /* blue3.txt in CopyFiles */,
				07698311192CC32900926DD1 /* blue4.txt in CopyFiles */,
				07698312192CC32900926DD1 /* blue5.txt in CopyFiles */,
				07698313192CC32900926DD1 /* blue6.txt in CopyFiles */,
				07698314192CC32900926DD1 /* blue7.txt in CopyFiles */,
				07698315192CC32900926DD1 /* green1.txt in CopyFiles */,
				07698316192CC32900926DD1 /* green2.txt in CopyFiles */,
				07698317192CC32900926DD1 /* green3.txt in CopyFiles */,
				07698318192CC32900926DD1 /* green4.txt in CopyFiles */,
				07698319192CC32900926DD1 /* red1.txt in CopyFiles */,
				0769831A192CC32900926DD1 /* red2.txt in CopyFiles */,
				0769831B192CC32900926DD1 /* white1.txt in CopyFiles */,
				0769831C192CC32900926DD1 /* white2.txt in CopyFiles */,
				0769831D192CC32900926DD1 /* white3.txt in CopyFiles */,
				0769831E192CC32900926DD1 /* white4.txt in CopyFiles */,
				0769831F192CC32900926DD1 /* white5.txt in CopyFiles */,
				07698320192CC32900926DD1 /* yellow1.txt in CopyFiles */,
				07698321192CC32900926DD1 /* yellow2.txt in CopyFiles */,
				07698322192CC32900926DD1 /* yellow3.txt in CopyFiles */,
				07698323192CC32900926DD1 /* yellow4.txt in CopyFiles */,
				07698324192CC32900926DD1 /* yellow5.txt in CopyFiles */,
				07698325192CC32900926DD1 /* yellow6.txt in CopyFiles */,
				07698326192CC32900926DD1 /* yellow7.txt in CopyFiles */,
				07698327192CC32900926DD1 /* yellow8.txt in CopyFiles */,
				07698328192CC32900926DD1 /* yellow9.txt in CopyFiles */,
				07698329192CC32900926DD1 /* yellow10.txt in CopyFiles */,
				0769832A192CC32900926DD1 /* yellow11.txt in CopyFiles */,
				0769832B192CC32900926DD1 /* yellow12.txt in CopyFiles */,
				0769832C192CC32900926DD1 /* yellow13.txt in CopyFiles */,
				0769832D192CC32900926DD1 /* yellow14.txt in CopyFiles */,
				0769832E192CC32900926DD1 /* yellow15.txt in CopyFiles */,
				0769832F192CC32900926DD1 /* yellow16.txt in CopyFiles */,
				07698330192CC32900926DD1 /* yellow17.txt in CopyFiles */,
				07698331192CC32900926DD1 /* yellow18.txt in CopyFiles */,
				07698332192CC32900926DD1 /* yellow19.txt in CopyFiles */,
				07698333192CC32900926DD1 /* yellow20.txt in CopyFiles */,
				07698334192CC32900926DD1 /* yellow21.txt in CopyFiles */,
				07698335192CC32900926DD1 /* yellow22.txt in CopyFiles */,
				07698336192CC32900926DD1 /* yellow23.txt in CopyFiles */,
				07698337192CC32900926DD1 /* yellow24.txt in CopyFiles */,
				07698338192CC32900926DD1 /* yellow25.txt in CopyFiles */,
				07698339192CC32900926DD1 /* yellow26.txt in CopyFiles */,
				0769833A192CC32900926DD1 /* yellow27.txt in CopyFiles */,
				0769833B192CC32900926DD1 /* yellow28.txt in CopyFiles */,
			);
			runOnlyForDeploymentPostprocessing = 0;
		};
/* End PBXCopyFilesBuildPhase section */

/* Begin PBXFileReference section */
		07115F08180959470044735C /* Animator.h */ = {isa = PBXFileReference; fileEncoding = 4; lastKnownFileType = sourcecode.c.h; path = Animator.h; sourceTree = "<group>"; };
		07115F09180959470044735C /* Animator.m */ = {isa = PBXFileReference; fileEncoding = 4; lastKnownFileType = sourcecode.c.objc; path = Animator.m; sourceTree = "<group>"; };
		07115F0C180959FF0044735C /* BaseAnimation.h */ = {isa = PBXFileReference; fileEncoding = 4; lastKnownFileType = sourcecode.c.h; path = BaseAnimation.h; sourceTree = "<group>"; };
		07115F0D180959FF0044735C /* BaseAnimation.m */ = {isa = PBXFileReference; fileEncoding = 4; lastKnownFileType = sourcecode.c.objc; path = BaseAnimation.m; sourceTree = "<group>"; };
		07115F1218095A6F0044735C /* TranslateAnimation.h */ = {isa = PBXFileReference; fileEncoding = 4; lastKnownFileType = sourcecode.c.h; path = TranslateAnimation.h; sourceTree = "<group>"; };
		07115F1318095A6F0044735C /* TranslateAnimation.m */ = {isa = PBXFileReference; fileEncoding = 4; lastKnownFileType = sourcecode.c.objc; path = TranslateAnimation.m; sourceTree = "<group>"; };
		07115F151809661E0044735C /* RotationAnimation.h */ = {isa = PBXFileReference; fileEncoding = 4; lastKnownFileType = sourcecode.c.h; path = RotationAnimation.h; sourceTree = "<group>"; };
		07115F161809661E0044735C /* RotationAnimation.m */ = {isa = PBXFileReference; fileEncoding = 4; lastKnownFileType = sourcecode.c.objc; path = RotationAnimation.m; sourceTree = "<group>"; };
		07124BB517F9A63900D7B5CD /* Constants.h */ = {isa = PBXFileReference; lastKnownFileType = sourcecode.c.h; path = Constants.h; sourceTree = "<group>"; };
		0714657A193F1CEE006E537B /* MoliculaNavigationBar.h */ = {isa = PBXFileReference; fileEncoding = 4; lastKnownFileType = sourcecode.c.h; path = MoliculaNavigationBar.h; sourceTree = "<group>"; };
		0714657B193F1CEE006E537B /* MoliculaNavigationBar.m */ = {isa = PBXFileReference; fileEncoding = 4; lastKnownFileType = sourcecode.c.objc; path = MoliculaNavigationBar.m; sourceTree = "<group>"; };
		07146581193F317F006E537B /* MoliculaNavigationController.h */ = {isa = PBXFileReference; fileEncoding = 4; lastKnownFileType = sourcecode.c.h; path = MoliculaNavigationController.h; sourceTree = "<group>"; };
		07146582193F317F006E537B /* MoliculaNavigationController.m */ = {isa = PBXFileReference; fileEncoding = 4; lastKnownFileType = sourcecode.c.objc; path = MoliculaNavigationController.m; sourceTree = "<group>"; };
		072407AA1944C1FC00A07838 /* TutorialBase.h */ = {isa = PBXFileReference; fileEncoding = 4; lastKnownFileType = sourcecode.c.h; path = TutorialBase.h; sourceTree = "<group>"; };
		072407AB1944C1FC00A07838 /* TutorialBase.m */ = {isa = PBXFileReference; fileEncoding = 4; lastKnownFileType = sourcecode.c.objc; path = TutorialBase.m; sourceTree = "<group>"; };
		072407AD1944C5B600A07838 /* MoveTutorial.h */ = {isa = PBXFileReference; fileEncoding = 4; lastKnownFileType = sourcecode.c.h; path = MoveTutorial.h; sourceTree = "<group>"; };
		072407AE1944C5B600A07838 /* MoveTutorial.m */ = {isa = PBXFileReference; fileEncoding = 4; lastKnownFileType = sourcecode.c.objc; path = MoveTutorial.m; sourceTree = "<group>"; };
		072407B01944C79400A07838 /* TutorialProgressDelegate.h */ = {isa = PBXFileReference; lastKnownFileType = sourcecode.c.h; path = TutorialProgressDelegate.h; sourceTree = "<group>"; };
		0726444F19235F5D00A0E6FE /* SolutionLibrary.h */ = {isa = PBXFileReference; fileEncoding = 4; lastKnownFileType = sourcecode.c.h; path = SolutionLibrary.h; sourceTree = "<group>"; };
		0726445019235F5D00A0E6FE /* SolutionLibrary.m */ = {isa = PBXFileReference; fileEncoding = 4; lastKnownFileType = sourcecode.c.objc; path = SolutionLibrary.m; sourceTree = "<group>"; };
		0734866A1945D8D800E23EA2 /* RotateTutorial.h */ = {isa = PBXFileReference; fileEncoding = 4; lastKnownFileType = sourcecode.c.h; path = RotateTutorial.h; sourceTree = "<group>"; };
		0734866B1945D8D800E23EA2 /* RotateTutorial.m */ = {isa = PBXFileReference; fileEncoding = 4; lastKnownFileType = sourcecode.c.objc; path = RotateTutorial.m; sourceTree = "<group>"; };
		0734866D1945DF0700E23EA2 /* MirrorTutorial.h */ = {isa = PBXFileReference; fileEncoding = 4; lastKnownFileType = sourcecode.c.h; path = MirrorTutorial.h; sourceTree = "<group>"; };
		0734866E1945DF0700E23EA2 /* MirrorTutorial.m */ = {isa = PBXFileReference; fileEncoding = 4; lastKnownFileType = sourcecode.c.objc; path = MirrorTutorial.m; sourceTree = "<group>"; };
		0742EEAA1FFF99CE001AF47C /* SnapshotHelper.swift */ = {isa = PBXFileReference; fileEncoding = 4; lastKnownFileType = sourcecode.swift; name = SnapshotHelper.swift; path = fastlane/SnapshotHelper.swift; sourceTree = SOURCE_ROOT; };
		074535491FE9A02E00B17334 /* moliculaUITests.xctest */ = {isa = PBXFileReference; explicitFileType = wrapper.cfbundle; includeInIndex = 0; path = moliculaUITests.xctest; sourceTree = BUILT_PRODUCTS_DIR; };
		0745354B1FE9A02E00B17334 /* moliculaUITests.swift */ = {isa = PBXFileReference; lastKnownFileType = sourcecode.swift; path = moliculaUITests.swift; sourceTree = "<group>"; };
		0745354D1FE9A02E00B17334 /* Info.plist */ = {isa = PBXFileReference; lastKnownFileType = text.plist.xml; path = Info.plist; sourceTree = "<group>"; };
		0768184719DAB9A000816169 /* LaunchScreen.xib */ = {isa = PBXFileReference; fileEncoding = 4; lastKnownFileType = file.xib; name = LaunchScreen.xib; path = ../LaunchScreen.xib; sourceTree = "<group>"; };
		076982B2192CC2F800926DD1 /* blue1.txt */ = {isa = PBXFileReference; fileEncoding = 4; lastKnownFileType = text; path = blue1.txt; sourceTree = "<group>"; };
		076982B3192CC2F800926DD1 /* blue2.txt */ = {isa = PBXFileReference; fileEncoding = 4; lastKnownFileType = text; path = blue2.txt; sourceTree = "<group>"; };
		076982B4192CC2F800926DD1 /* blue3.txt */ = {isa = PBXFileReference; fileEncoding = 4; lastKnownFileType = text; path = blue3.txt; sourceTree = "<group>"; };
		076982B5192CC2F800926DD1 /* blue4.txt */ = {isa = PBXFileReference; fileEncoding = 4; lastKnownFileType = text; path = blue4.txt; sourceTree = "<group>"; };
		076982B6192CC2F800926DD1 /* blue5.txt */ = {isa = PBXFileReference; fileEncoding = 4; lastKnownFileType = text; path = blue5.txt; sourceTree = "<group>"; };
		076982B7192CC2F800926DD1 /* blue6.txt */ = {isa = PBXFileReference; fileEncoding = 4; lastKnownFileType = text; path = blue6.txt; sourceTree = "<group>"; };
		076982B8192CC2F800926DD1 /* blue7.txt */ = {isa = PBXFileReference; fileEncoding = 4; lastKnownFileType = text; path = blue7.txt; sourceTree = "<group>"; };
		076982B9192CC2F800926DD1 /* green1.txt */ = {isa = PBXFileReference; fileEncoding = 4; lastKnownFileType = text; path = green1.txt; sourceTree = "<group>"; };
		076982BA192CC2F800926DD1 /* green2.txt */ = {isa = PBXFileReference; fileEncoding = 4; lastKnownFileType = text; path = green2.txt; sourceTree = "<group>"; };
		076982BB192CC2F800926DD1 /* green3.txt */ = {isa = PBXFileReference; fileEncoding = 4; lastKnownFileType = text; path = green3.txt; sourceTree = "<group>"; };
		076982BC192CC2F800926DD1 /* green4.txt */ = {isa = PBXFileReference; fileEncoding = 4; lastKnownFileType = text; path = green4.txt; sourceTree = "<group>"; };
		076982BD192CC2F800926DD1 /* red1.txt */ = {isa = PBXFileReference; fileEncoding = 4; lastKnownFileType = text; path = red1.txt; sourceTree = "<group>"; };
		076982BE192CC2F800926DD1 /* red2.txt */ = {isa = PBXFileReference; fileEncoding = 4; lastKnownFileType = text; path = red2.txt; sourceTree = "<group>"; };
		076982BF192CC2F800926DD1 /* white1.txt */ = {isa = PBXFileReference; fileEncoding = 4; lastKnownFileType = text; path = white1.txt; sourceTree = "<group>"; };
		076982C0192CC2F800926DD1 /* white2.txt */ = {isa = PBXFileReference; fileEncoding = 4; lastKnownFileType = text; path = white2.txt; sourceTree = "<group>"; };
		076982C1192CC2F800926DD1 /* white3.txt */ = {isa = PBXFileReference; fileEncoding = 4; lastKnownFileType = text; path = white3.txt; sourceTree = "<group>"; };
		076982C2192CC2F800926DD1 /* white4.txt */ = {isa = PBXFileReference; fileEncoding = 4; lastKnownFileType = text; path = white4.txt; sourceTree = "<group>"; };
		076982C3192CC2F800926DD1 /* white5.txt */ = {isa = PBXFileReference; fileEncoding = 4; lastKnownFileType = text; path = white5.txt; sourceTree = "<group>"; };
		076982C4192CC2F800926DD1 /* yellow1.txt */ = {isa = PBXFileReference; fileEncoding = 4; lastKnownFileType = text; path = yellow1.txt; sourceTree = "<group>"; };
		076982C5192CC2F800926DD1 /* yellow2.txt */ = {isa = PBXFileReference; fileEncoding = 4; lastKnownFileType = text; path = yellow2.txt; sourceTree = "<group>"; };
		076982C6192CC2F800926DD1 /* yellow3.txt */ = {isa = PBXFileReference; fileEncoding = 4; lastKnownFileType = text; path = yellow3.txt; sourceTree = "<group>"; };
		076982C7192CC2F800926DD1 /* yellow4.txt */ = {isa = PBXFileReference; fileEncoding = 4; lastKnownFileType = text; path = yellow4.txt; sourceTree = "<group>"; };
		076982C8192CC2F800926DD1 /* yellow5.txt */ = {isa = PBXFileReference; fileEncoding = 4; lastKnownFileType = text; path = yellow5.txt; sourceTree = "<group>"; };
		076982C9192CC2F800926DD1 /* yellow6.txt */ = {isa = PBXFileReference; fileEncoding = 4; lastKnownFileType = text; path = yellow6.txt; sourceTree = "<group>"; };
		076982CA192CC2F800926DD1 /* yellow7.txt */ = {isa = PBXFileReference; fileEncoding = 4; lastKnownFileType = text; path = yellow7.txt; sourceTree = "<group>"; };
		076982CB192CC2F800926DD1 /* yellow8.txt */ = {isa = PBXFileReference; fileEncoding = 4; lastKnownFileType = text; path = yellow8.txt; sourceTree = "<group>"; };
		076982CC192CC2F800926DD1 /* yellow9.txt */ = {isa = PBXFileReference; fileEncoding = 4; lastKnownFileType = text; path = yellow9.txt; sourceTree = "<group>"; };
		076982CD192CC2F800926DD1 /* yellow10.txt */ = {isa = PBXFileReference; fileEncoding = 4; lastKnownFileType = text; path = yellow10.txt; sourceTree = "<group>"; };
		076982CE192CC2F800926DD1 /* yellow11.txt */ = {isa = PBXFileReference; fileEncoding = 4; lastKnownFileType = text; path = yellow11.txt; sourceTree = "<group>"; };
		076982CF192CC2F800926DD1 /* yellow12.txt */ = {isa = PBXFileReference; fileEncoding = 4; lastKnownFileType = text; path = yellow12.txt; sourceTree = "<group>"; };
		076982D0192CC2F800926DD1 /* yellow13.txt */ = {isa = PBXFileReference; fileEncoding = 4; lastKnownFileType = text; path = yellow13.txt; sourceTree = "<group>"; };
		076982D1192CC2F800926DD1 /* yellow14.txt */ = {isa = PBXFileReference; fileEncoding = 4; lastKnownFileType = text; path = yellow14.txt; sourceTree = "<group>"; };
		076982D2192CC2F800926DD1 /* yellow15.txt */ = {isa = PBXFileReference; fileEncoding = 4; lastKnownFileType = text; path = yellow15.txt; sourceTree = "<group>"; };
		076982D3192CC2F800926DD1 /* yellow16.txt */ = {isa = PBXFileReference; fileEncoding = 4; lastKnownFileType = text; path = yellow16.txt; sourceTree = "<group>"; };
		076982D4192CC2F800926DD1 /* yellow17.txt */ = {isa = PBXFileReference; fileEncoding = 4; lastKnownFileType = text; path = yellow17.txt; sourceTree = "<group>"; };
		076982D5192CC2F800926DD1 /* yellow18.txt */ = {isa = PBXFileReference; fileEncoding = 4; lastKnownFileType = text; path = yellow18.txt; sourceTree = "<group>"; };
		076982D6192CC2F800926DD1 /* yellow19.txt */ = {isa = PBXFileReference; fileEncoding = 4; lastKnownFileType = text; path = yellow19.txt; sourceTree = "<group>"; };
		076982D7192CC2F800926DD1 /* yellow20.txt */ = {isa = PBXFileReference; fileEncoding = 4; lastKnownFileType = text; path = yellow20.txt; sourceTree = "<group>"; };
		076982D8192CC2F800926DD1 /* yellow21.txt */ = {isa = PBXFileReference; fileEncoding = 4; lastKnownFileType = text; path = yellow21.txt; sourceTree = "<group>"; };
		076982D9192CC2F800926DD1 /* yellow22.txt */ = {isa = PBXFileReference; fileEncoding = 4; lastKnownFileType = text; path = yellow22.txt; sourceTree = "<group>"; };
		076982DA192CC2F800926DD1 /* yellow23.txt */ = {isa = PBXFileReference; fileEncoding = 4; lastKnownFileType = text; path = yellow23.txt; sourceTree = "<group>"; };
		076982DB192CC2F800926DD1 /* yellow24.txt */ = {isa = PBXFileReference; fileEncoding = 4; lastKnownFileType = text; path = yellow24.txt; sourceTree = "<group>"; };
		076982DC192CC2F800926DD1 /* yellow25.txt */ = {isa = PBXFileReference; fileEncoding = 4; lastKnownFileType = text; path = yellow25.txt; sourceTree = "<group>"; };
		076982DD192CC2F800926DD1 /* yellow26.txt */ = {isa = PBXFileReference; fileEncoding = 4; lastKnownFileType = text; path = yellow26.txt; sourceTree = "<group>"; };
		076982DE192CC2F800926DD1 /* yellow27.txt */ = {isa = PBXFileReference; fileEncoding = 4; lastKnownFileType = text; path = yellow27.txt; sourceTree = "<group>"; };
		076982DF192CC2F800926DD1 /* yellow28.txt */ = {isa = PBXFileReference; fileEncoding = 4; lastKnownFileType = text; path = yellow28.txt; sourceTree = "<group>"; };
		076BC06619190AA200EE1AD7 /* SolutionCollectionHeaderView.h */ = {isa = PBXFileReference; fileEncoding = 4; lastKnownFileType = sourcecode.c.h; path = SolutionCollectionHeaderView.h; sourceTree = "<group>"; };
		076BC06719190AA200EE1AD7 /* SolutionCollectionHeaderView.m */ = {isa = PBXFileReference; fileEncoding = 4; lastKnownFileType = sourcecode.c.objc; path = SolutionCollectionHeaderView.m; sourceTree = "<group>"; };
		076C702819096F2500F0084D /* GameView.h */ = {isa = PBXFileReference; fileEncoding = 4; lastKnownFileType = sourcecode.c.h; path = GameView.h; sourceTree = "<group>"; };
		076C702919096F2500F0084D /* GameView.m */ = {isa = PBXFileReference; fileEncoding = 4; lastKnownFileType = sourcecode.c.objc; path = GameView.m; sourceTree = "<group>"; };
		076F2E1119D963090067E94C /* LaunchGridView.h */ = {isa = PBXFileReference; fileEncoding = 4; lastKnownFileType = sourcecode.c.h; path = LaunchGridView.h; sourceTree = "<group>"; };
		076F2E1219D963090067E94C /* LaunchGridView.m */ = {isa = PBXFileReference; fileEncoding = 4; lastKnownFileType = sourcecode.c.objc; path = LaunchGridView.m; sourceTree = "<group>"; };
		0774AD7A17FB2A70008D8B2E /* Images.xcassets */ = {isa = PBXFileReference; lastKnownFileType = folder.assetcatalog; path = Images.xcassets; sourceTree = "<group>"; };
		077F9A7217D7CBB0004F1960 /* molicula.app */ = {isa = PBXFileReference; explicitFileType = wrapper.application; includeInIndex = 0; path = molicula.app; sourceTree = BUILT_PRODUCTS_DIR; };
		077F9A8117D7CBB0004F1960 /* molicula-Info.plist */ = {isa = PBXFileReference; lastKnownFileType = text.plist.xml; path = "molicula-Info.plist"; sourceTree = "<group>"; };
		077F9A8517D7CBB0004F1960 /* main.m */ = {isa = PBXFileReference; lastKnownFileType = sourcecode.c.objc; path = main.m; sourceTree = "<group>"; };
		077F9A8717D7CBB0004F1960 /* molicula-Prefix.pch */ = {isa = PBXFileReference; lastKnownFileType = sourcecode.c.h; path = "molicula-Prefix.pch"; sourceTree = "<group>"; };
		077F9A8817D7CBB0004F1960 /* AppDelegate.h */ = {isa = PBXFileReference; lastKnownFileType = sourcecode.c.h; path = AppDelegate.h; sourceTree = "<group>"; };
		077F9A8917D7CBB0004F1960 /* AppDelegate.m */ = {isa = PBXFileReference; lastKnownFileType = sourcecode.c.objc; path = AppDelegate.m; sourceTree = "<group>"; };
		077F9A9817D7CBB0004F1960 /* GameViewController.h */ = {isa = PBXFileReference; lastKnownFileType = sourcecode.c.h; path = GameViewController.h; sourceTree = "<group>"; };
		077F9A9917D7CBB0004F1960 /* GameViewController.m */ = {isa = PBXFileReference; lastKnownFileType = sourcecode.c.objc; path = GameViewController.m; sourceTree = "<group>"; };
		077F9AB817D7CC44004F1960 /* Grid.h */ = {isa = PBXFileReference; fileEncoding = 4; lastKnownFileType = sourcecode.c.h; path = Grid.h; sourceTree = "<group>"; };
		077F9AB917D7CC44004F1960 /* Grid.m */ = {isa = PBXFileReference; fileEncoding = 4; lastKnownFileType = sourcecode.c.objc; path = Grid.m; sourceTree = "<group>"; };
		077F9ABE17D7CCB8004F1960 /* Molecule.h */ = {isa = PBXFileReference; fileEncoding = 4; lastKnownFileType = sourcecode.c.h; path = Molecule.h; sourceTree = "<group>"; };
		077F9ABF17D7CCB8004F1960 /* Molecule.m */ = {isa = PBXFileReference; fileEncoding = 4; lastKnownFileType = sourcecode.c.objc; path = Molecule.m; sourceTree = "<group>"; };
		077F9AC117D7CCE7004F1960 /* Hole.h */ = {isa = PBXFileReference; fileEncoding = 4; lastKnownFileType = sourcecode.c.h; path = Hole.h; sourceTree = "<group>"; };
		077F9AC217D7CCE7004F1960 /* Hole.m */ = {isa = PBXFileReference; fileEncoding = 4; lastKnownFileType = sourcecode.c.objc; path = Hole.m; sourceTree = "<group>"; };
		077F9AC417D7CCF6004F1960 /* Atom.h */ = {isa = PBXFileReference; fileEncoding = 4; lastKnownFileType = sourcecode.c.h; path = Atom.h; sourceTree = "<group>"; };
		077F9AC517D7CCF6004F1960 /* Atom.m */ = {isa = PBXFileReference; fileEncoding = 4; lastKnownFileType = sourcecode.c.objc; path = Atom.m; sourceTree = "<group>"; };
		077F9AC717D7CD02004F1960 /* Helper.h */ = {isa = PBXFileReference; fileEncoding = 4; lastKnownFileType = sourcecode.c.h; path = Helper.h; sourceTree = "<group>"; };
		077F9AC817D7CD02004F1960 /* Helper.m */ = {isa = PBXFileReference; fileEncoding = 4; lastKnownFileType = sourcecode.c.objc; path = Helper.m; sourceTree = "<group>"; };
		077F9ACA17D7CD35004F1960 /* Hexagon.h */ = {isa = PBXFileReference; fileEncoding = 4; lastKnownFileType = sourcecode.c.h; path = Hexagon.h; sourceTree = "<group>"; };
		077F9ACB17D7CD35004F1960 /* Hexagon.m */ = {isa = PBXFileReference; fileEncoding = 4; lastKnownFileType = sourcecode.c.objc; path = Hexagon.m; sourceTree = "<group>"; };
		077F9ACD17D7CD41004F1960 /* ColorTheme.h */ = {isa = PBXFileReference; fileEncoding = 4; lastKnownFileType = sourcecode.c.h; path = ColorTheme.h; sourceTree = "<group>"; };
		077F9ACE17D7CD41004F1960 /* ColorTheme.m */ = {isa = PBXFileReference; fileEncoding = 4; lastKnownFileType = sourcecode.c.objc; path = ColorTheme.m; sourceTree = "<group>"; };
		077F9AD017D7CD4D004F1960 /* MoleculeFactory.h */ = {isa = PBXFileReference; fileEncoding = 4; lastKnownFileType = sourcecode.c.h; path = MoleculeFactory.h; sourceTree = "<group>"; };
		077F9AD117D7CD4D004F1960 /* MoleculeFactory.m */ = {isa = PBXFileReference; fileEncoding = 4; lastKnownFileType = sourcecode.c.objc; path = MoleculeFactory.m; sourceTree = "<group>"; };
		077F9AD317D7CD77004F1960 /* NSValue_GLKVector.h */ = {isa = PBXFileReference; lastKnownFileType = sourcecode.c.h; path = NSValue_GLKVector.h; sourceTree = "<group>"; };
		077F9AD417D7CE08004F1960 /* UITouch_TouchSorting.h */ = {isa = PBXFileReference; lastKnownFileType = sourcecode.c.h; path = UITouch_TouchSorting.h; sourceTree = "<group>"; };
		078047D620015691004715E3 /* de */ = {isa = PBXFileReference; lastKnownFileType = text.plist.strings; name = de; path = de.lproj/Main.strings; sourceTree = "<group>"; };
		0783A0F91C14654200ACDC47 /* Base */ = {isa = PBXFileReference; lastKnownFileType = file.storyboard; name = Base; path = Base.lproj/Main.storyboard; sourceTree = "<group>"; };
		07A5C8341917CB56001E5801 /* LibraryViewController.h */ = {isa = PBXFileReference; fileEncoding = 4; lastKnownFileType = sourcecode.c.h; path = LibraryViewController.h; sourceTree = "<group>"; };
		07A5C8351917CB56001E5801 /* LibraryViewController.m */ = {isa = PBXFileReference; fileEncoding = 4; lastKnownFileType = sourcecode.c.objc; path = LibraryViewController.m; sourceTree = "<group>"; };
		07C1FC951FEA8C7F007AA98E /* GLObject.h */ = {isa = PBXFileReference; lastKnownFileType = sourcecode.c.h; path = GLObject.h; sourceTree = "<group>"; };
		07C1FC961FEA8C7F007AA98E /* GLObject.m */ = {isa = PBXFileReference; lastKnownFileType = sourcecode.c.objc; path = GLObject.m; sourceTree = "<group>"; };
		07D366791FFF8C1B0013F0A6 /* zh-Hans */ = {isa = PBXFileReference; lastKnownFileType = text.plist.strings; name = "zh-Hans"; path = "zh-Hans.lproj/Main.strings"; sourceTree = "<group>"; };
		07D3667B1FFF8CAB0013F0A6 /* hi */ = {isa = PBXFileReference; lastKnownFileType = text.plist.strings; name = hi; path = hi.lproj/Main.strings; sourceTree = "<group>"; };
		07D3667C1FFF8CB70013F0A6 /* es */ = {isa = PBXFileReference; lastKnownFileType = text.plist.strings; name = es; path = es.lproj/Main.strings; sourceTree = "<group>"; };
		07D3667D1FFF8CE40013F0A6 /* ar */ = {isa = PBXFileReference; lastKnownFileType = text.plist.strings; name = ar; path = ar.lproj/Main.strings; sourceTree = "<group>"; };
		07E1073720037CA3008332AC /* GlobalSettings.h */ = {isa = PBXFileReference; lastKnownFileType = sourcecode.c.h; path = GlobalSettings.h; sourceTree = "<group>"; };
		07E1073820037CA3008332AC /* GlobalSettings.m */ = {isa = PBXFileReference; lastKnownFileType = sourcecode.c.objc; path = GlobalSettings.m; sourceTree = "<group>"; };
		07E1B58018071B9F002D79A1 /* DropResult.h */ = {isa = PBXFileReference; fileEncoding = 4; lastKnownFileType = sourcecode.c.h; path = DropResult.h; sourceTree = "<group>"; };
		07E1B58118071B9F002D79A1 /* DropResult.m */ = {isa = PBXFileReference; fileEncoding = 4; lastKnownFileType = sourcecode.c.objc; path = DropResult.m; sourceTree = "<group>"; };
		07E8B78D181FC28100804CC1 /* Default-568h@2x.png */ = {isa = PBXFileReference; lastKnownFileType = image.png; path = "Default-568h@2x.png"; sourceTree = "<group>"; };
		07EE62631940BF2300739544 /* Metrics.h */ = {isa = PBXFileReference; fileEncoding = 4; lastKnownFileType = sourcecode.c.h; path = Metrics.h; sourceTree = "<group>"; };
		07EE62641940BF2300739544 /* Metrics.m */ = {isa = PBXFileReference; fileEncoding = 4; lastKnownFileType = sourcecode.c.objc; path = Metrics.m; sourceTree = "<group>"; };
		07EE62661940BF6000739544 /* molicula.entitlements */ = {isa = PBXFileReference; lastKnownFileType = text.xml; path = molicula.entitlements; sourceTree = "<group>"; };
		07EE626A1940C3AB00739544 /* TutorialController.h */ = {isa = PBXFileReference; fileEncoding = 4; lastKnownFileType = sourcecode.c.h; path = TutorialController.h; sourceTree = "<group>"; };
		07EE626B1940C3AB00739544 /* TutorialController.m */ = {isa = PBXFileReference; fileEncoding = 4; lastKnownFileType = sourcecode.c.objc; path = TutorialController.m; sourceTree = "<group>"; };
		07EE626D1940FC8E00739544 /* DDiCloudSync.h */ = {isa = PBXFileReference; fileEncoding = 4; lastKnownFileType = sourcecode.c.h; path = DDiCloudSync.h; sourceTree = "<group>"; };
		07EE626E1940FC8E00739544 /* DDiCloudSync.m */ = {isa = PBXFileReference; fileEncoding = 4; lastKnownFileType = sourcecode.c.objc; path = DDiCloudSync.m; sourceTree = "<group>"; };
		07F16FD117E0F79300D15F36 /* Controls.h */ = {isa = PBXFileReference; fileEncoding = 4; lastKnownFileType = sourcecode.c.h; path = Controls.h; sourceTree = "<group>"; };
		07F16FD217E0F79300D15F36 /* Controls.m */ = {isa = PBXFileReference; fileEncoding = 4; lastKnownFileType = sourcecode.c.objc; path = Controls.m; sourceTree = "<group>"; };
/* End PBXFileReference section */

/* Begin PBXFrameworksBuildPhase section */
		074535461FE9A02E00B17334 /* Frameworks */ = {
			isa = PBXFrameworksBuildPhase;
			buildActionMask = 2147483647;
			files = (
			);
			runOnlyForDeploymentPostprocessing = 0;
		};
		077F9A6F17D7CBB0004F1960 /* Frameworks */ = {
			isa = PBXFrameworksBuildPhase;
			buildActionMask = 2147483647;
			files = (
			);
			runOnlyForDeploymentPostprocessing = 0;
		};
/* End PBXFrameworksBuildPhase section */

/* Begin PBXGroup section */
		07115F0B1809598A0044735C /* Animations */ = {
			isa = PBXGroup;
			children = (
				07115F08180959470044735C /* Animator.h */,
				07115F09180959470044735C /* Animator.m */,
				07115F0C180959FF0044735C /* BaseAnimation.h */,
				07115F0D180959FF0044735C /* BaseAnimation.m */,
				07115F1218095A6F0044735C /* TranslateAnimation.h */,
				07115F1318095A6F0044735C /* TranslateAnimation.m */,
				07115F151809661E0044735C /* RotationAnimation.h */,
				07115F161809661E0044735C /* RotationAnimation.m */,
			);
			name = Animations;
			sourceTree = "<group>";
		};
		07146580193F3158006E537B /* Overriding */ = {
			isa = PBXGroup;
			children = (
				0714657A193F1CEE006E537B /* MoliculaNavigationBar.h */,
				0714657B193F1CEE006E537B /* MoliculaNavigationBar.m */,
				07146581193F317F006E537B /* MoliculaNavigationController.h */,
				07146582193F317F006E537B /* MoliculaNavigationController.m */,
			);
			name = Overriding;
			sourceTree = "<group>";
		};
		072407A81944C0EA00A07838 /* Tutorial */ = {
			isa = PBXGroup;
			children = (
				07EE626A1940C3AB00739544 /* TutorialController.h */,
				07EE626B1940C3AB00739544 /* TutorialController.m */,
				072407AA1944C1FC00A07838 /* TutorialBase.h */,
				072407AB1944C1FC00A07838 /* TutorialBase.m */,
				072407B01944C79400A07838 /* TutorialProgressDelegate.h */,
				072407AD1944C5B600A07838 /* MoveTutorial.h */,
				072407AE1944C5B600A07838 /* MoveTutorial.m */,
				0734866A1945D8D800E23EA2 /* RotateTutorial.h */,
				0734866B1945D8D800E23EA2 /* RotateTutorial.m */,
				0734866D1945DF0700E23EA2 /* MirrorTutorial.h */,
				0734866E1945DF0700E23EA2 /* MirrorTutorial.m */,
			);
			name = Tutorial;
			sourceTree = "<group>";
		};
		072643B919235C1C00A0E6FE /* Assets */ = {
			isa = PBXGroup;
			children = (
				072643BA19235C2200A0E6FE /* Solutions */,
			);
			name = Assets;
			sourceTree = "<group>";
		};
		072643BA19235C2200A0E6FE /* Solutions */ = {
			isa = PBXGroup;
			children = (
				076982B2192CC2F800926DD1 /* blue1.txt */,
				076982B3192CC2F800926DD1 /* blue2.txt */,
				076982B4192CC2F800926DD1 /* blue3.txt */,
				076982B5192CC2F800926DD1 /* blue4.txt */,
				076982B6192CC2F800926DD1 /* blue5.txt */,
				076982B7192CC2F800926DD1 /* blue6.txt */,
				076982B8192CC2F800926DD1 /* blue7.txt */,
				076982B9192CC2F800926DD1 /* green1.txt */,
				076982BA192CC2F800926DD1 /* green2.txt */,
				076982BB192CC2F800926DD1 /* green3.txt */,
				076982BC192CC2F800926DD1 /* green4.txt */,
				076982BD192CC2F800926DD1 /* red1.txt */,
				076982BE192CC2F800926DD1 /* red2.txt */,
				076982BF192CC2F800926DD1 /* white1.txt */,
				076982C0192CC2F800926DD1 /* white2.txt */,
				076982C1192CC2F800926DD1 /* white3.txt */,
				076982C2192CC2F800926DD1 /* white4.txt */,
				076982C3192CC2F800926DD1 /* white5.txt */,
				076982C4192CC2F800926DD1 /* yellow1.txt */,
				076982C5192CC2F800926DD1 /* yellow2.txt */,
				076982C6192CC2F800926DD1 /* yellow3.txt */,
				076982C7192CC2F800926DD1 /* yellow4.txt */,
				076982C8192CC2F800926DD1 /* yellow5.txt */,
				076982C9192CC2F800926DD1 /* yellow6.txt */,
				076982CA192CC2F800926DD1 /* yellow7.txt */,
				076982CB192CC2F800926DD1 /* yellow8.txt */,
				076982CC192CC2F800926DD1 /* yellow9.txt */,
				076982CD192CC2F800926DD1 /* yellow10.txt */,
				076982CE192CC2F800926DD1 /* yellow11.txt */,
				076982CF192CC2F800926DD1 /* yellow12.txt */,
				076982D0192CC2F800926DD1 /* yellow13.txt */,
				076982D1192CC2F800926DD1 /* yellow14.txt */,
				076982D2192CC2F800926DD1 /* yellow15.txt */,
				076982D3192CC2F800926DD1 /* yellow16.txt */,
				076982D4192CC2F800926DD1 /* yellow17.txt */,
				076982D5192CC2F800926DD1 /* yellow18.txt */,
				076982D6192CC2F800926DD1 /* yellow19.txt */,
				076982D7192CC2F800926DD1 /* yellow20.txt */,
				076982D8192CC2F800926DD1 /* yellow21.txt */,
				076982D9192CC2F800926DD1 /* yellow22.txt */,
				076982DA192CC2F800926DD1 /* yellow23.txt */,
				076982DB192CC2F800926DD1 /* yellow24.txt */,
				076982DC192CC2F800926DD1 /* yellow25.txt */,
				076982DD192CC2F800926DD1 /* yellow26.txt */,
				076982DE192CC2F800926DD1 /* yellow27.txt */,
				076982DF192CC2F800926DD1 /* yellow28.txt */,
			);
			name = Solutions;
			sourceTree = "<group>";
		};
		0745354A1FE9A02E00B17334 /* moliculaUITests */ = {
			isa = PBXGroup;
			children = (
				0742EEAA1FFF99CE001AF47C /* SnapshotHelper.swift */,
				0745354B1FE9A02E00B17334 /* moliculaUITests.swift */,
				0745354D1FE9A02E00B17334 /* Info.plist */,
			);
			path = moliculaUITests;
			sourceTree = "<group>";
		};
		076BC06519190A6300EE1AD7 /* Library */ = {
			isa = PBXGroup;
			children = (
				07A5C8341917CB56001E5801 /* LibraryViewController.h */,
				07A5C8351917CB56001E5801 /* LibraryViewController.m */,
				076BC06619190AA200EE1AD7 /* SolutionCollectionHeaderView.h */,
				076BC06719190AA200EE1AD7 /* SolutionCollectionHeaderView.m */,
				0726444F19235F5D00A0E6FE /* SolutionLibrary.h */,
				0726445019235F5D00A0E6FE /* SolutionLibrary.m */,
			);
			name = Library;
			sourceTree = "<group>";
		};
		077F9A6917D7CBB0004F1960 = {
			isa = PBXGroup;
			children = (
				072643B919235C1C00A0E6FE /* Assets */,
				077F9A7F17D7CBB0004F1960 /* molicula */,
				0745354A1FE9A02E00B17334 /* moliculaUITests */,
				077F9A7317D7CBB0004F1960 /* Products */,
			);
			sourceTree = "<group>";
		};
		077F9A7317D7CBB0004F1960 /* Products */ = {
			isa = PBXGroup;
			children = (
				077F9A7217D7CBB0004F1960 /* molicula.app */,
				074535491FE9A02E00B17334 /* moliculaUITests.xctest */,
			);
			name = Products;
			sourceTree = "<group>";
		};
		077F9A7F17D7CBB0004F1960 /* molicula */ = {
			isa = PBXGroup;
			children = (
				07EE62661940BF6000739544 /* molicula.entitlements */,
				0783A0F01C14643A00ACDC47 /* Main.storyboard */,
				0774AD7A17FB2A70008D8B2E /* Images.xcassets */,
				0768184719DAB9A000816169 /* LaunchScreen.xib */,
				077F9A8017D7CBB0004F1960 /* Supporting Files */,
				076BC06519190A6300EE1AD7 /* Library */,
				072407A81944C0EA00A07838 /* Tutorial */,
				07115F0B1809598A0044735C /* Animations */,
				07146580193F3158006E537B /* Overriding */,
				07F16FD117E0F79300D15F36 /* Controls.h */,
				07F16FD217E0F79300D15F36 /* Controls.m */,
				077F9A9817D7CBB0004F1960 /* GameViewController.h */,
				077F9A9917D7CBB0004F1960 /* GameViewController.m */,
				077F9A8817D7CBB0004F1960 /* AppDelegate.h */,
				077F9A8917D7CBB0004F1960 /* AppDelegate.m */,
				077F9AB817D7CC44004F1960 /* Grid.h */,
				077F9AB917D7CC44004F1960 /* Grid.m */,
				077F9ABE17D7CCB8004F1960 /* Molecule.h */,
				077F9ABF17D7CCB8004F1960 /* Molecule.m */,
				077F9AC117D7CCE7004F1960 /* Hole.h */,
				077F9AC217D7CCE7004F1960 /* Hole.m */,
				077F9AC417D7CCF6004F1960 /* Atom.h */,
				077F9AC517D7CCF6004F1960 /* Atom.m */,
				077F9AC717D7CD02004F1960 /* Helper.h */,
				077F9AC817D7CD02004F1960 /* Helper.m */,
				077F9ACA17D7CD35004F1960 /* Hexagon.h */,
				077F9ACB17D7CD35004F1960 /* Hexagon.m */,
				077F9ACD17D7CD41004F1960 /* ColorTheme.h */,
				077F9ACE17D7CD41004F1960 /* ColorTheme.m */,
				077F9AD017D7CD4D004F1960 /* MoleculeFactory.h */,
				077F9AD117D7CD4D004F1960 /* MoleculeFactory.m */,
				077F9AD317D7CD77004F1960 /* NSValue_GLKVector.h */,
				077F9AD417D7CE08004F1960 /* UITouch_TouchSorting.h */,
				07124BB517F9A63900D7B5CD /* Constants.h */,
				07E1B58018071B9F002D79A1 /* DropResult.h */,
				07E1B58118071B9F002D79A1 /* DropResult.m */,
				076C702819096F2500F0084D /* GameView.h */,
				07E1073720037CA3008332AC /* GlobalSettings.h */,
				07E1073820037CA3008332AC /* GlobalSettings.m */,
				076C702919096F2500F0084D /* GameView.m */,
				07EE62631940BF2300739544 /* Metrics.h */,
				07EE62641940BF2300739544 /* Metrics.m */,
				07EE626D1940FC8E00739544 /* DDiCloudSync.h */,
				07EE626E1940FC8E00739544 /* DDiCloudSync.m */,
				076F2E1119D963090067E94C /* LaunchGridView.h */,
				076F2E1219D963090067E94C /* LaunchGridView.m */,
				07C1FC951FEA8C7F007AA98E /* GLObject.h */,
				07C1FC961FEA8C7F007AA98E /* GLObject.m */,
			);
			path = molicula;
			sourceTree = "<group>";
		};
		077F9A8017D7CBB0004F1960 /* Supporting Files */ = {
			isa = PBXGroup;
			children = (
				07E8B78D181FC28100804CC1 /* Default-568h@2x.png */,
				077F9A8117D7CBB0004F1960 /* molicula-Info.plist */,
				077F9A8517D7CBB0004F1960 /* main.m */,
				077F9A8717D7CBB0004F1960 /* molicula-Prefix.pch */,
			);
			name = "Supporting Files";
			sourceTree = "<group>";
		};
/* End PBXGroup section */

/* Begin PBXNativeTarget section */
		074535481FE9A02E00B17334 /* moliculaUITests */ = {
			isa = PBXNativeTarget;
			buildConfigurationList = 074535501FE9A02E00B17334 /* Build configuration list for PBXNativeTarget "moliculaUITests" */;
			buildPhases = (
				074535451FE9A02E00B17334 /* Sources */,
				074535461FE9A02E00B17334 /* Frameworks */,
				074535471FE9A02E00B17334 /* Resources */,
			);
			buildRules = (
			);
			dependencies = (
				0745354F1FE9A02E00B17334 /* PBXTargetDependency */,
			);
			name = moliculaUITests;
			productName = moliculaUITests;
			productReference = 074535491FE9A02E00B17334 /* moliculaUITests.xctest */;
			productType = "com.apple.product-type.bundle.ui-testing";
		};
		077F9A7117D7CBB0004F1960 /* molicula */ = {
			isa = PBXNativeTarget;
			buildConfigurationList = 077F9AB217D7CBB1004F1960 /* Build configuration list for PBXNativeTarget "molicula" */;
			buildPhases = (
				077F9A6E17D7CBB0004F1960 /* Sources */,
				077F9A6F17D7CBB0004F1960 /* Frameworks */,
				077F9A7017D7CBB0004F1960 /* Resources */,
				0726441D19235CD400A0E6FE /* CopyFiles */,
			);
			buildRules = (
			);
			dependencies = (
			);
			name = molicula;
			productName = molicula;
			productReference = 077F9A7217D7CBB0004F1960 /* molicula.app */;
			productType = "com.apple.product-type.application";
		};
/* End PBXNativeTarget section */

/* Begin PBXProject section */
		077F9A6A17D7CBB0004F1960 /* Project object */ = {
			isa = PBXProject;
			attributes = {
				LastSwiftUpdateCheck = 0920;
				LastTestingUpgradeCheck = 0510;
				LastUpgradeCheck = 1000;
				ORGANIZATIONNAME = "Eric Wolter";
				TargetAttributes = {
					074535481FE9A02E00B17334 = {
						CreatedOnToolsVersion = 9.2;
						LastSwiftMigration = 1130;
						ProvisioningStyle = Automatic;
						TestTargetID = 077F9A7117D7CBB0004F1960;
					};
					077F9A7117D7CBB0004F1960 = {
						DevelopmentTeam = 9LMMMFHC36;
						SystemCapabilities = {
							com.apple.InAppPurchase = {
								enabled = 0;
							};
							com.apple.iCloud = {
								enabled = 1;
							};
						};
					};
				};
			};
			buildConfigurationList = 077F9A6D17D7CBB0004F1960 /* Build configuration list for PBXProject "molicula" */;
			compatibilityVersion = "Xcode 3.2";
			developmentRegion = en;
			hasScannedForEncodings = 0;
			knownRegions = (
				Base,
				de,
				"zh-Hans",
				hi,
				es,
				ar,
				en,
			);
			mainGroup = 077F9A6917D7CBB0004F1960;
			productRefGroup = 077F9A7317D7CBB0004F1960 /* Products */;
			projectDirPath = "";
			projectRoot = "";
			targets = (
				077F9A7117D7CBB0004F1960 /* molicula */,
				074535481FE9A02E00B17334 /* moliculaUITests */,
			);
		};
/* End PBXProject section */

/* Begin PBXResourcesBuildPhase section */
		074535471FE9A02E00B17334 /* Resources */ = {
			isa = PBXResourcesBuildPhase;
			buildActionMask = 2147483647;
			files = (
			);
			runOnlyForDeploymentPostprocessing = 0;
		};
		077F9A7017D7CBB0004F1960 /* Resources */ = {
			isa = PBXResourcesBuildPhase;
			buildActionMask = 2147483647;
			files = (
				0774AD7B17FB2A70008D8B2E /* Images.xcassets in Resources */,
				0783A0EE1C14643A00ACDC47 /* Main.storyboard in Resources */,
				0768184819DAB9A000816169 /* LaunchScreen.xib in Resources */,
				07E8B78E181FC28100804CC1 /* Default-568h@2x.png in Resources */,
			);
			runOnlyForDeploymentPostprocessing = 0;
		};
/* End PBXResourcesBuildPhase section */

/* Begin PBXSourcesBuildPhase section */
		074535451FE9A02E00B17334 /* Sources */ = {
			isa = PBXSourcesBuildPhase;
			buildActionMask = 2147483647;
			files = (
				0745354C1FE9A02E00B17334 /* moliculaUITests.swift in Sources */,
				0742EEAB1FFF99CE001AF47C /* SnapshotHelper.swift in Sources */,
			);
			runOnlyForDeploymentPostprocessing = 0;
		};
		077F9A6E17D7CBB0004F1960 /* Sources */ = {
			isa = PBXSourcesBuildPhase;
			buildActionMask = 2147483647;
			files = (
				07EE626C1940C3AB00739544 /* TutorialController.m in Sources */,
				07115F171809661E0044735C /* RotationAnimation.m in Sources */,
				077F9A8617D7CBB0004F1960 /* main.m in Sources */,
				076F2E1319D963090067E94C /* LaunchGridView.m in Sources */,
				077F9A8A17D7CBB0004F1960 /* AppDelegate.m in Sources */,
				07E1B58218071B9F002D79A1 /* DropResult.m in Sources */,
				072407AC1944C1FC00A07838 /* TutorialBase.m in Sources */,
				0726445119235F5D00A0E6FE /* SolutionLibrary.m in Sources */,
				077F9A9A17D7CBB0004F1960 /* GameViewController.m in Sources */,
				077F9ABA17D7CC44004F1960 /* Grid.m in Sources */,
				076C702A19096F2500F0084D /* GameView.m in Sources */,
				072407AF1944C5B600A07838 /* MoveTutorial.m in Sources */,
				077F9AC017D7CCB8004F1960 /* Molecule.m in Sources */,
				077F9AC317D7CCE7004F1960 /* Hole.m in Sources */,
				077F9AC617D7CCF6004F1960 /* Atom.m in Sources */,
				07C1FC971FEA8C7F007AA98E /* GLObject.m in Sources */,
				07115F0A180959470044735C /* Animator.m in Sources */,
				07115F0E180959FF0044735C /* BaseAnimation.m in Sources */,
				077F9AC917D7CD02004F1960 /* Helper.m in Sources */,
				077F9ACC17D7CD35004F1960 /* Hexagon.m in Sources */,
				07146583193F317F006E537B /* MoliculaNavigationController.m in Sources */,
				076BC06819190AA200EE1AD7 /* SolutionCollectionHeaderView.m in Sources */,
				0714657C193F1CEE006E537B /* MoliculaNavigationBar.m in Sources */,
				077F9ACF17D7CD41004F1960 /* ColorTheme.m in Sources */,
				07EE62651940BF2300739544 /* Metrics.m in Sources */,
				07115F1418095A6F0044735C /* TranslateAnimation.m in Sources */,
				07EE626F1940FC8E00739544 /* DDiCloudSync.m in Sources */,
				07A5C8361917CB56001E5801 /* LibraryViewController.m in Sources */,
				077F9AD217D7CD4D004F1960 /* MoleculeFactory.m in Sources */,
				07F16FD317E0F79300D15F36 /* Controls.m in Sources */,
				0734866F1945DF0700E23EA2 /* MirrorTutorial.m in Sources */,
				0734866C1945D8D800E23EA2 /* RotateTutorial.m in Sources */,
				07E1073920037CA3008332AC /* GlobalSettings.m in Sources */,
			);
			runOnlyForDeploymentPostprocessing = 0;
		};
/* End PBXSourcesBuildPhase section */

/* Begin PBXTargetDependency section */
		0745354F1FE9A02E00B17334 /* PBXTargetDependency */ = {
			isa = PBXTargetDependency;
			target = 077F9A7117D7CBB0004F1960 /* molicula */;
			targetProxy = 0745354E1FE9A02E00B17334 /* PBXContainerItemProxy */;
		};
/* End PBXTargetDependency section */

/* Begin PBXVariantGroup section */
		0783A0F01C14643A00ACDC47 /* Main.storyboard */ = {
			isa = PBXVariantGroup;
			children = (
				0783A0F91C14654200ACDC47 /* Base */,
				07D366791FFF8C1B0013F0A6 /* zh-Hans */,
				07D3667B1FFF8CAB0013F0A6 /* hi */,
				07D3667C1FFF8CB70013F0A6 /* es */,
				07D3667D1FFF8CE40013F0A6 /* ar */,
				078047D620015691004715E3 /* de */,
			);
			name = Main.storyboard;
			sourceTree = "<group>";
		};
/* End PBXVariantGroup section */

/* Begin XCBuildConfiguration section */
		074535511FE9A02E00B17334 /* Debug */ = {
			isa = XCBuildConfiguration;
			buildSettings = {
				CLANG_ANALYZER_NONNULL = YES;
				CLANG_ANALYZER_NUMBER_OBJECT_CONVERSION = YES_AGGRESSIVE;
				CLANG_CXX_LANGUAGE_STANDARD = "gnu++14";
				CLANG_ENABLE_MODULES = YES;
				CLANG_WARN_DIRECT_OBJC_ISA_USAGE = YES_ERROR;
				CLANG_WARN_DOCUMENTATION_COMMENTS = YES;
				CLANG_WARN_OBJC_ROOT_CLASS = YES_ERROR;
				CLANG_WARN_UNGUARDED_AVAILABILITY = YES_AGGRESSIVE;
				CODE_SIGN_IDENTITY = "iPhone Developer";
				CODE_SIGN_STYLE = Automatic;
				DEBUG_INFORMATION_FORMAT = dwarf;
				GCC_C_LANGUAGE_STANDARD = gnu11;
				GCC_WARN_ABOUT_RETURN_TYPE = YES_ERROR;
				GCC_WARN_UNINITIALIZED_AUTOS = YES_AGGRESSIVE;
				INFOPLIST_FILE = moliculaUITests/Info.plist;
				IPHONEOS_DEPLOYMENT_TARGET = 11.2;
				LD_RUNPATH_SEARCH_PATHS = "$(inherited) @executable_path/Frameworks @loader_path/Frameworks";
				MTL_ENABLE_DEBUG_INFO = YES;
				PRODUCT_BUNDLE_IDENTIFIER = com.ericwolter.moliculaUITests;
				PRODUCT_NAME = "$(TARGET_NAME)";
				SWIFT_ACTIVE_COMPILATION_CONDITIONS = DEBUG;
				SWIFT_OPTIMIZATION_LEVEL = "-Onone";
				SWIFT_VERSION = 5.0;
				TARGETED_DEVICE_FAMILY = "1,2";
				TEST_TARGET_NAME = molicula;
			};
			name = Debug;
		};
		074535521FE9A02E00B17334 /* Release */ = {
			isa = XCBuildConfiguration;
			buildSettings = {
				CLANG_ANALYZER_NONNULL = YES;
				CLANG_ANALYZER_NUMBER_OBJECT_CONVERSION = YES_AGGRESSIVE;
				CLANG_CXX_LANGUAGE_STANDARD = "gnu++14";
				CLANG_ENABLE_MODULES = YES;
				CLANG_WARN_DIRECT_OBJC_ISA_USAGE = YES_ERROR;
				CLANG_WARN_DOCUMENTATION_COMMENTS = YES;
				CLANG_WARN_OBJC_ROOT_CLASS = YES_ERROR;
				CLANG_WARN_UNGUARDED_AVAILABILITY = YES_AGGRESSIVE;
				CODE_SIGN_IDENTITY = "iPhone Developer";
				CODE_SIGN_STYLE = Automatic;
				COPY_PHASE_STRIP = NO;
				DEBUG_INFORMATION_FORMAT = "dwarf-with-dsym";
				ENABLE_NS_ASSERTIONS = NO;
				GCC_C_LANGUAGE_STANDARD = gnu11;
				GCC_WARN_ABOUT_RETURN_TYPE = YES_ERROR;
				GCC_WARN_UNINITIALIZED_AUTOS = YES_AGGRESSIVE;
				INFOPLIST_FILE = moliculaUITests/Info.plist;
				IPHONEOS_DEPLOYMENT_TARGET = 11.2;
				LD_RUNPATH_SEARCH_PATHS = "$(inherited) @executable_path/Frameworks @loader_path/Frameworks";
				MTL_ENABLE_DEBUG_INFO = NO;
				PRODUCT_BUNDLE_IDENTIFIER = com.ericwolter.moliculaUITests;
				PRODUCT_NAME = "$(TARGET_NAME)";
				SWIFT_OPTIMIZATION_LEVEL = "-Owholemodule";
				SWIFT_VERSION = 5.0;
				TARGETED_DEVICE_FAMILY = "1,2";
				TEST_TARGET_NAME = molicula;
			};
			name = Release;
		};
		077F9AB017D7CBB1004F1960 /* Debug */ = {
			isa = XCBuildConfiguration;
			buildSettings = {
				ALWAYS_SEARCH_USER_PATHS = NO;
				CLANG_ANALYZER_LOCALIZABILITY_NONLOCALIZED = YES;
				CLANG_CXX_LANGUAGE_STANDARD = "gnu++0x";
				CLANG_CXX_LIBRARY = "libc++";
				CLANG_ENABLE_OBJC_ARC = YES;
				CLANG_WARN_BLOCK_CAPTURE_AUTORELEASING = YES;
				CLANG_WARN_BOOL_CONVERSION = YES;
				CLANG_WARN_COMMA = YES;
				CLANG_WARN_CONSTANT_CONVERSION = YES;
				CLANG_WARN_DEPRECATED_OBJC_IMPLEMENTATIONS = YES;
				CLANG_WARN_EMPTY_BODY = YES;
				CLANG_WARN_ENUM_CONVERSION = YES;
				CLANG_WARN_INFINITE_RECURSION = YES;
				CLANG_WARN_INT_CONVERSION = YES;
				CLANG_WARN_NON_LITERAL_NULL_CONVERSION = YES;
				CLANG_WARN_OBJC_IMPLICIT_RETAIN_SELF = YES;
				CLANG_WARN_OBJC_LITERAL_CONVERSION = YES;
				CLANG_WARN_RANGE_LOOP_ANALYSIS = YES;
				CLANG_WARN_STRICT_PROTOTYPES = YES;
				CLANG_WARN_SUSPICIOUS_MOVE = YES;
				CLANG_WARN_UNREACHABLE_CODE = YES;
				CLANG_WARN__DUPLICATE_METHOD_MATCH = YES;
				"CODE_SIGN_IDENTITY[sdk=iphoneos*]" = "iPhone Developer";
				COPY_PHASE_STRIP = NO;
				ENABLE_STRICT_OBJC_MSGSEND = YES;
				ENABLE_TESTABILITY = YES;
				GCC_C_LANGUAGE_STANDARD = gnu99;
				GCC_DYNAMIC_NO_PIC = NO;
				GCC_NO_COMMON_BLOCKS = YES;
				GCC_OPTIMIZATION_LEVEL = 0;
				GCC_PREPROCESSOR_DEFINITIONS = (
					"DEBUG=1",
					"$(inherited)",
				);
				GCC_SYMBOLS_PRIVATE_EXTERN = NO;
				GCC_WARN_64_TO_32_BIT_CONVERSION = YES;
				GCC_WARN_ABOUT_RETURN_TYPE = YES;
				GCC_WARN_UNDECLARED_SELECTOR = YES;
				GCC_WARN_UNINITIALIZED_AUTOS = YES;
				GCC_WARN_UNUSED_FUNCTION = YES;
				GCC_WARN_UNUSED_VARIABLE = YES;
				IPHONEOS_DEPLOYMENT_TARGET = 11.0;
				ONLY_ACTIVE_ARCH = YES;
				SDKROOT = iphoneos;
				TARGETED_DEVICE_FAMILY = 2;
			};
			name = Debug;
		};
		077F9AB117D7CBB1004F1960 /* Release */ = {
			isa = XCBuildConfiguration;
			buildSettings = {
				ALWAYS_SEARCH_USER_PATHS = NO;
				CLANG_ANALYZER_LOCALIZABILITY_NONLOCALIZED = YES;
				CLANG_CXX_LANGUAGE_STANDARD = "gnu++0x";
				CLANG_CXX_LIBRARY = "libc++";
				CLANG_ENABLE_OBJC_ARC = YES;
				CLANG_WARN_BLOCK_CAPTURE_AUTORELEASING = YES;
				CLANG_WARN_BOOL_CONVERSION = YES;
				CLANG_WARN_COMMA = YES;
				CLANG_WARN_CONSTANT_CONVERSION = YES;
				CLANG_WARN_DEPRECATED_OBJC_IMPLEMENTATIONS = YES;
				CLANG_WARN_EMPTY_BODY = YES;
				CLANG_WARN_ENUM_CONVERSION = YES;
				CLANG_WARN_INFINITE_RECURSION = YES;
				CLANG_WARN_INT_CONVERSION = YES;
				CLANG_WARN_NON_LITERAL_NULL_CONVERSION = YES;
				CLANG_WARN_OBJC_IMPLICIT_RETAIN_SELF = YES;
				CLANG_WARN_OBJC_LITERAL_CONVERSION = YES;
				CLANG_WARN_RANGE_LOOP_ANALYSIS = YES;
				CLANG_WARN_STRICT_PROTOTYPES = YES;
				CLANG_WARN_SUSPICIOUS_MOVE = YES;
				CLANG_WARN_UNREACHABLE_CODE = YES;
				CLANG_WARN__DUPLICATE_METHOD_MATCH = YES;
				"CODE_SIGN_IDENTITY[sdk=iphoneos*]" = "iPhone Developer";
				COPY_PHASE_STRIP = YES;
				ENABLE_STRICT_OBJC_MSGSEND = YES;
				GCC_C_LANGUAGE_STANDARD = gnu99;
				GCC_NO_COMMON_BLOCKS = YES;
				GCC_WARN_64_TO_32_BIT_CONVERSION = YES;
				GCC_WARN_ABOUT_RETURN_TYPE = YES;
				GCC_WARN_UNDECLARED_SELECTOR = YES;
				GCC_WARN_UNINITIALIZED_AUTOS = YES;
				GCC_WARN_UNUSED_FUNCTION = YES;
				GCC_WARN_UNUSED_VARIABLE = YES;
				IPHONEOS_DEPLOYMENT_TARGET = 11.0;
				OTHER_CFLAGS = "-DNS_BLOCK_ASSERTIONS=1";
				SDKROOT = iphoneos;
				SWIFT_OPTIMIZATION_LEVEL = "-Owholemodule";
				TARGETED_DEVICE_FAMILY = 2;
				VALIDATE_PRODUCT = YES;
			};
			name = Release;
		};
		077F9AB317D7CBB1004F1960 /* Debug */ = {
			isa = XCBuildConfiguration;
			buildSettings = {
				ASSETCATALOG_COMPILER_APPICON_NAME = AppIcon;
				CLANG_ENABLE_MODULES = YES;
				CODE_SIGN_ENTITLEMENTS = molicula/molicula.entitlements;
				CODE_SIGN_IDENTITY = "iPhone Developer";
				"CODE_SIGN_IDENTITY[sdk=iphoneos*]" = "iPhone Developer";
				CURRENT_PROJECT_VERSION = 1;
				ENABLE_BITCODE = NO;
				FRAMEWORK_SEARCH_PATHS = (
					"$(inherited)",
					"$(SRCROOT)",
					"$(PROJECT_DIR)",
				);
				GCC_PRECOMPILE_PREFIX_HEADER = YES;
				GCC_PREFIX_HEADER = "molicula/molicula-Prefix.pch";
				INFOPLIST_FILE = "molicula/molicula-Info.plist";
				IPHONEOS_DEPLOYMENT_TARGET = 11.0;
				MARKETING_VERSION = 2.3.1;
				PRODUCT_BUNDLE_IDENTIFIER = "com.ericwolter.${PRODUCT_NAME:rfc1034identifier}";
				PRODUCT_NAME = "$(TARGET_NAME)";
				PROVISIONING_PROFILE = "";
				TARGETED_DEVICE_FAMILY = "1,2";
				WRAPPER_EXTENSION = app;
			};
			name = Debug;
		};
		077F9AB417D7CBB1004F1960 /* Release */ = {
			isa = XCBuildConfiguration;
			buildSettings = {
				ASSETCATALOG_COMPILER_APPICON_NAME = AppIcon;
				CLANG_ENABLE_MODULES = YES;
				CODE_SIGN_ENTITLEMENTS = molicula/molicula.entitlements;
				CODE_SIGN_IDENTITY = "iPhone Developer";
				"CODE_SIGN_IDENTITY[sdk=iphoneos*]" = "iPhone Developer";
				CURRENT_PROJECT_VERSION = 1;
				ENABLE_BITCODE = NO;
				FRAMEWORK_SEARCH_PATHS = (
					"$(inherited)",
					"$(SRCROOT)",
					"$(PROJECT_DIR)",
				);
				GCC_PRECOMPILE_PREFIX_HEADER = YES;
				GCC_PREFIX_HEADER = "molicula/molicula-Prefix.pch";
				INFOPLIST_FILE = "molicula/molicula-Info.plist";
				IPHONEOS_DEPLOYMENT_TARGET = 11.0;
				MARKETING_VERSION = 2.3.1;
				PRODUCT_BUNDLE_IDENTIFIER = "com.ericwolter.${PRODUCT_NAME:rfc1034identifier}";
				PRODUCT_NAME = "$(TARGET_NAME)";
				PROVISIONING_PROFILE = "";
				"PROVISIONING_PROFILE[sdk=iphoneos*]" = "";
				TARGETED_DEVICE_FAMILY = "1,2";
				WRAPPER_EXTENSION = app;
			};
			name = Release;
		};
/* End XCBuildConfiguration section */

/* Begin XCConfigurationList section */
		074535501FE9A02E00B17334 /* Build configuration list for PBXNativeTarget "moliculaUITests" */ = {
			isa = XCConfigurationList;
			buildConfigurations = (
				074535511FE9A02E00B17334 /* Debug */,
				074535521FE9A02E00B17334 /* Release */,
			);
			defaultConfigurationIsVisible = 0;
			defaultConfigurationName = Release;
		};
		077F9A6D17D7CBB0004F1960 /* Build configuration list for PBXProject "molicula" */ = {
			isa = XCConfigurationList;
			buildConfigurations = (
				077F9AB017D7CBB1004F1960 /* Debug */,
				077F9AB117D7CBB1004F1960 /* Release */,
			);
			defaultConfigurationIsVisible = 0;
			defaultConfigurationName = Release;
		};
		077F9AB217D7CBB1004F1960 /* Build configuration list for PBXNativeTarget "molicula" */ = {
			isa = XCConfigurationList;
			buildConfigurations = (
				077F9AB317D7CBB1004F1960 /* Debug */,
				077F9AB417D7CBB1004F1960 /* Release */,
			);
			defaultConfigurationIsVisible = 0;
			defaultConfigurationName = Release;
		};
/* End XCConfigurationList section */
	};
	rootObject = 077F9A6A17D7CBB0004F1960 /* Project object */;
}
